// !$*UTF8*$!
{
	archiveVersion = 1;
	classes = {
	};
	objectVersion = 46;
	objects = {

/* Begin PBXBuildFile section */
		A6207C6117AD6CCB0025CED5 /* UIKit.framework in Frameworks */ = {isa = PBXBuildFile; fileRef = A6207C6017AD6CCB0025CED5 /* UIKit.framework */; };
		A6207C6317AD6CCB0025CED5 /* Foundation.framework in Frameworks */ = {isa = PBXBuildFile; fileRef = A6207C6217AD6CCB0025CED5 /* Foundation.framework */; };
		A6207C6517AD6CCB0025CED5 /* CoreGraphics.framework in Frameworks */ = {isa = PBXBuildFile; fileRef = A6207C6417AD6CCB0025CED5 /* CoreGraphics.framework */; };
		A6207C6B17AD6CCB0025CED5 /* InfoPlist.strings in Resources */ = {isa = PBXBuildFile; fileRef = A6207C6917AD6CCB0025CED5 /* InfoPlist.strings */; };
		A6207C6D17AD6CCB0025CED5 /* main.m in Sources */ = {isa = PBXBuildFile; fileRef = A6207C6C17AD6CCB0025CED5 /* main.m */; };
		A6207C7117AD6CCB0025CED5 /* AppDelegate.m in Sources */ = {isa = PBXBuildFile; fileRef = A6207C7017AD6CCB0025CED5 /* AppDelegate.m */; };
		A6207C7317AD6CCB0025CED5 /* Default.png in Resources */ = {isa = PBXBuildFile; fileRef = A6207C7217AD6CCB0025CED5 /* Default.png */; };
		A6207C7517AD6CCB0025CED5 /* Default@2x.png in Resources */ = {isa = PBXBuildFile; fileRef = A6207C7417AD6CCB0025CED5 /* Default@2x.png */; };
		A6207C7717AD6CCB0025CED5 /* Default-568h@2x.png in Resources */ = {isa = PBXBuildFile; fileRef = A6207C7617AD6CCB0025CED5 /* Default-568h@2x.png */; };
		A6207C9717AD6D140025CED5 /* AFHTTPClient.m in Sources */ = {isa = PBXBuildFile; fileRef = A6207C8517AD6D140025CED5 /* AFHTTPClient.m */; };
		A6207C9817AD6D140025CED5 /* AFHTTPRequestOperation.m in Sources */ = {isa = PBXBuildFile; fileRef = A6207C8717AD6D140025CED5 /* AFHTTPRequestOperation.m */; };
		A6207C9917AD6D140025CED5 /* AFImageRequestOperation.m in Sources */ = {isa = PBXBuildFile; fileRef = A6207C8917AD6D140025CED5 /* AFImageRequestOperation.m */; };
		A6207C9A17AD6D140025CED5 /* AFJSONRequestOperation.m in Sources */ = {isa = PBXBuildFile; fileRef = A6207C8B17AD6D140025CED5 /* AFJSONRequestOperation.m */; };
		A6207C9B17AD6D140025CED5 /* AFNetworkActivityIndicatorManager.m in Sources */ = {isa = PBXBuildFile; fileRef = A6207C8D17AD6D140025CED5 /* AFNetworkActivityIndicatorManager.m */; };
		A6207C9C17AD6D140025CED5 /* AFPropertyListRequestOperation.m in Sources */ = {isa = PBXBuildFile; fileRef = A6207C9017AD6D140025CED5 /* AFPropertyListRequestOperation.m */; };
		A6207C9D17AD6D140025CED5 /* AFURLConnectionOperation.m in Sources */ = {isa = PBXBuildFile; fileRef = A6207C9217AD6D140025CED5 /* AFURLConnectionOperation.m */; };
		A6207C9E17AD6D140025CED5 /* AFXMLRequestOperation.m in Sources */ = {isa = PBXBuildFile; fileRef = A6207C9417AD6D140025CED5 /* AFXMLRequestOperation.m */; };
		A6207C9F17AD6D140025CED5 /* UIImageView+AFNetworking.m in Sources */ = {isa = PBXBuildFile; fileRef = A6207C9617AD6D140025CED5 /* UIImageView+AFNetworking.m */; };
		A6207CB517AD6DE00025CED5 /* DIOSComment.m in Sources */ = {isa = PBXBuildFile; fileRef = A6207CA117AD6DE00025CED5 /* DIOSComment.m */; };
		A6207CB617AD6DE00025CED5 /* DIOSCSRFAFHTTPClient.m in Sources */ = {isa = PBXBuildFile; fileRef = A6207CA317AD6DE00025CED5 /* DIOSCSRFAFHTTPClient.m */; };
		A6207CB717AD6DE00025CED5 /* DIOSEntity.m in Sources */ = {isa = PBXBuildFile; fileRef = A6207CA517AD6DE00025CED5 /* DIOSEntity.m */; };
		A6207CB817AD6DE00025CED5 /* DIOSFile.m in Sources */ = {isa = PBXBuildFile; fileRef = A6207CA717AD6DE00025CED5 /* DIOSFile.m */; };
		A6207CB917AD6DE00025CED5 /* DIOSNode.m in Sources */ = {isa = PBXBuildFile; fileRef = A6207CA917AD6DE00025CED5 /* DIOSNode.m */; };
		A6207CBA17AD6DE00025CED5 /* DIOSSession.m in Sources */ = {isa = PBXBuildFile; fileRef = A6207CAB17AD6DE00025CED5 /* DIOSSession.m */; };
		A6207CBB17AD6DE00025CED5 /* DIOSSystem.m in Sources */ = {isa = PBXBuildFile; fileRef = A6207CAD17AD6DE00025CED5 /* DIOSSystem.m */; };
		A6207CBC17AD6DE00025CED5 /* DIOSTaxonomy.m in Sources */ = {isa = PBXBuildFile; fileRef = A6207CAF17AD6DE00025CED5 /* DIOSTaxonomy.m */; };
		A6207CBD17AD6DE00025CED5 /* DIOSUser.m in Sources */ = {isa = PBXBuildFile; fileRef = A6207CB117AD6DE00025CED5 /* DIOSUser.m */; };
		A6207CBE17AD6DE00025CED5 /* DIOSView.m in Sources */ = {isa = PBXBuildFile; fileRef = A6207CB317AD6DE00025CED5 /* DIOSView.m */; };
		A6207CC117AD7A110025CED5 /* Social.framework in Frameworks */ = {isa = PBXBuildFile; fileRef = A6207CC017AD7A110025CED5 /* Social.framework */; };
		A6207CC317AD7C240025CED5 /* FacebookSDK.framework in Frameworks */ = {isa = PBXBuildFile; fileRef = A6207CC217AD7C240025CED5 /* FacebookSDK.framework */; };
		A632581817B26F72003CF27C /* MainScreen.m in Sources */ = {isa = PBXBuildFile; fileRef = A632581617B26F72003CF27C /* MainScreen.m */; };
		A632581917B26F72003CF27C /* MainScreen.xib in Resources */ = {isa = PBXBuildFile; fileRef = A632581717B26F72003CF27C /* MainScreen.xib */; };
		A65FA7D617B27BC000466C2B /* UIViewController+UIViewController_PGCAdditions.m in Sources */ = {isa = PBXBuildFile; fileRef = A65FA7D517B27BC000466C2B /* UIViewController+UIViewController_PGCAdditions.m */; };
		A65FA7D917B3B6F400466C2B /* DrupalServices.m in Sources */ = {isa = PBXBuildFile; fileRef = A65FA7D817B3B6F400466C2B /* DrupalServices.m */; };
		A670E04617ADC6A50095F043 /* LogInScreen.m in Sources */ = {isa = PBXBuildFile; fileRef = A670E04417ADC6A50095F043 /* LogInScreen.m */; };
		A670E04717ADC6A50095F043 /* LogInScreen.xib in Resources */ = {isa = PBXBuildFile; fileRef = A670E04517ADC6A50095F043 /* LogInScreen.xib */; };
		A670E04B17ADC72C0095F043 /* SignInScreen.m in Sources */ = {isa = PBXBuildFile; fileRef = A670E04917ADC72C0095F043 /* SignInScreen.m */; };
		A670E04C17ADC72C0095F043 /* SignInScreen.xib in Resources */ = {isa = PBXBuildFile; fileRef = A670E04A17ADC72C0095F043 /* SignInScreen.xib */; };
		A670E05117ADC7EB0095F043 /* WelcomeScreen.m in Sources */ = {isa = PBXBuildFile; fileRef = A670E04F17ADC7EB0095F043 /* WelcomeScreen.m */; };
		A670E05217ADC7EB0095F043 /* WelcomeScreen.xib in Resources */ = {isa = PBXBuildFile; fileRef = A670E05017ADC7EB0095F043 /* WelcomeScreen.xib */; };
/* End PBXBuildFile section */

/* Begin PBXFileReference section */
		A6207C5D17AD6CCB0025CED5 /* Student Study.app */ = {isa = PBXFileReference; explicitFileType = wrapper.application; includeInIndex = 0; path = "Student Study.app"; sourceTree = BUILT_PRODUCTS_DIR; };
		A6207C6017AD6CCB0025CED5 /* UIKit.framework */ = {isa = PBXFileReference; lastKnownFileType = wrapper.framework; name = UIKit.framework; path = System/Library/Frameworks/UIKit.framework; sourceTree = SDKROOT; };
		A6207C6217AD6CCB0025CED5 /* Foundation.framework */ = {isa = PBXFileReference; lastKnownFileType = wrapper.framework; name = Foundation.framework; path = System/Library/Frameworks/Foundation.framework; sourceTree = SDKROOT; };
		A6207C6417AD6CCB0025CED5 /* CoreGraphics.framework */ = {isa = PBXFileReference; lastKnownFileType = wrapper.framework; name = CoreGraphics.framework; path = System/Library/Frameworks/CoreGraphics.framework; sourceTree = SDKROOT; };
		A6207C6817AD6CCB0025CED5 /* Student Study-Info.plist */ = {isa = PBXFileReference; lastKnownFileType = text.plist.xml; path = "Student Study-Info.plist"; sourceTree = "<group>"; };
		A6207C6A17AD6CCB0025CED5 /* en */ = {isa = PBXFileReference; lastKnownFileType = text.plist.strings; name = en; path = en.lproj/InfoPlist.strings; sourceTree = "<group>"; };
		A6207C6C17AD6CCB0025CED5 /* main.m */ = {isa = PBXFileReference; lastKnownFileType = sourcecode.c.objc; path = main.m; sourceTree = "<group>"; };
		A6207C6E17AD6CCB0025CED5 /* Student Study-Prefix.pch */ = {isa = PBXFileReference; lastKnownFileType = sourcecode.c.h; path = "Student Study-Prefix.pch"; sourceTree = "<group>"; };
		A6207C6F17AD6CCB0025CED5 /* AppDelegate.h */ = {isa = PBXFileReference; lastKnownFileType = sourcecode.c.h; path = AppDelegate.h; sourceTree = "<group>"; };
		A6207C7017AD6CCB0025CED5 /* AppDelegate.m */ = {isa = PBXFileReference; lastKnownFileType = sourcecode.c.objc; path = AppDelegate.m; sourceTree = "<group>"; };
		A6207C7217AD6CCB0025CED5 /* Default.png */ = {isa = PBXFileReference; lastKnownFileType = image.png; path = Default.png; sourceTree = "<group>"; };
		A6207C7417AD6CCB0025CED5 /* Default@2x.png */ = {isa = PBXFileReference; lastKnownFileType = image.png; path = "Default@2x.png"; sourceTree = "<group>"; };
		A6207C7617AD6CCB0025CED5 /* Default-568h@2x.png */ = {isa = PBXFileReference; lastKnownFileType = image.png; path = "Default-568h@2x.png"; sourceTree = "<group>"; };
		A6207C8417AD6D140025CED5 /* AFHTTPClient.h */ = {isa = PBXFileReference; fileEncoding = 4; lastKnownFileType = sourcecode.c.h; path = AFHTTPClient.h; sourceTree = "<group>"; };
		A6207C8517AD6D140025CED5 /* AFHTTPClient.m */ = {isa = PBXFileReference; fileEncoding = 4; lastKnownFileType = sourcecode.c.objc; path = AFHTTPClient.m; sourceTree = "<group>"; };
		A6207C8617AD6D140025CED5 /* AFHTTPRequestOperation.h */ = {isa = PBXFileReference; fileEncoding = 4; lastKnownFileType = sourcecode.c.h; path = AFHTTPRequestOperation.h; sourceTree = "<group>"; };
		A6207C8717AD6D140025CED5 /* AFHTTPRequestOperation.m */ = {isa = PBXFileReference; fileEncoding = 4; lastKnownFileType = sourcecode.c.objc; path = AFHTTPRequestOperation.m; sourceTree = "<group>"; };
		A6207C8817AD6D140025CED5 /* AFImageRequestOperation.h */ = {isa = PBXFileReference; fileEncoding = 4; lastKnownFileType = sourcecode.c.h; path = AFImageRequestOperation.h; sourceTree = "<group>"; };
		A6207C8917AD6D140025CED5 /* AFImageRequestOperation.m */ = {isa = PBXFileReference; fileEncoding = 4; lastKnownFileType = sourcecode.c.objc; path = AFImageRequestOperation.m; sourceTree = "<group>"; };
		A6207C8A17AD6D140025CED5 /* AFJSONRequestOperation.h */ = {isa = PBXFileReference; fileEncoding = 4; lastKnownFileType = sourcecode.c.h; path = AFJSONRequestOperation.h; sourceTree = "<group>"; };
		A6207C8B17AD6D140025CED5 /* AFJSONRequestOperation.m */ = {isa = PBXFileReference; fileEncoding = 4; lastKnownFileType = sourcecode.c.objc; path = AFJSONRequestOperation.m; sourceTree = "<group>"; };
		A6207C8C17AD6D140025CED5 /* AFNetworkActivityIndicatorManager.h */ = {isa = PBXFileReference; fileEncoding = 4; lastKnownFileType = sourcecode.c.h; path = AFNetworkActivityIndicatorManager.h; sourceTree = "<group>"; };
		A6207C8D17AD6D140025CED5 /* AFNetworkActivityIndicatorManager.m */ = {isa = PBXFileReference; fileEncoding = 4; lastKnownFileType = sourcecode.c.objc; path = AFNetworkActivityIndicatorManager.m; sourceTree = "<group>"; };
		A6207C8E17AD6D140025CED5 /* AFNetworking.h */ = {isa = PBXFileReference; fileEncoding = 4; lastKnownFileType = sourcecode.c.h; path = AFNetworking.h; sourceTree = "<group>"; };
		A6207C8F17AD6D140025CED5 /* AFPropertyListRequestOperation.h */ = {isa = PBXFileReference; fileEncoding = 4; lastKnownFileType = sourcecode.c.h; path = AFPropertyListRequestOperation.h; sourceTree = "<group>"; };
		A6207C9017AD6D140025CED5 /* AFPropertyListRequestOperation.m */ = {isa = PBXFileReference; fileEncoding = 4; lastKnownFileType = sourcecode.c.objc; path = AFPropertyListRequestOperation.m; sourceTree = "<group>"; };
		A6207C9117AD6D140025CED5 /* AFURLConnectionOperation.h */ = {isa = PBXFileReference; fileEncoding = 4; lastKnownFileType = sourcecode.c.h; path = AFURLConnectionOperation.h; sourceTree = "<group>"; };
		A6207C9217AD6D140025CED5 /* AFURLConnectionOperation.m */ = {isa = PBXFileReference; fileEncoding = 4; lastKnownFileType = sourcecode.c.objc; path = AFURLConnectionOperation.m; sourceTree = "<group>"; };
		A6207C9317AD6D140025CED5 /* AFXMLRequestOperation.h */ = {isa = PBXFileReference; fileEncoding = 4; lastKnownFileType = sourcecode.c.h; path = AFXMLRequestOperation.h; sourceTree = "<group>"; };
		A6207C9417AD6D140025CED5 /* AFXMLRequestOperation.m */ = {isa = PBXFileReference; fileEncoding = 4; lastKnownFileType = sourcecode.c.objc; path = AFXMLRequestOperation.m; sourceTree = "<group>"; };
		A6207C9517AD6D140025CED5 /* UIImageView+AFNetworking.h */ = {isa = PBXFileReference; fileEncoding = 4; lastKnownFileType = sourcecode.c.h; path = "UIImageView+AFNetworking.h"; sourceTree = "<group>"; };
		A6207C9617AD6D140025CED5 /* UIImageView+AFNetworking.m */ = {isa = PBXFileReference; fileEncoding = 4; lastKnownFileType = sourcecode.c.objc; path = "UIImageView+AFNetworking.m"; sourceTree = "<group>"; };
		A6207CA017AD6DE00025CED5 /* DIOSComment.h */ = {isa = PBXFileReference; fileEncoding = 4; lastKnownFileType = sourcecode.c.h; path = DIOSComment.h; sourceTree = "<group>"; };
		A6207CA117AD6DE00025CED5 /* DIOSComment.m */ = {isa = PBXFileReference; fileEncoding = 4; lastKnownFileType = sourcecode.c.objc; path = DIOSComment.m; sourceTree = "<group>"; };
		A6207CA217AD6DE00025CED5 /* DIOSCSRFAFHTTPClient.h */ = {isa = PBXFileReference; fileEncoding = 4; lastKnownFileType = sourcecode.c.h; path = DIOSCSRFAFHTTPClient.h; sourceTree = "<group>"; };
		A6207CA317AD6DE00025CED5 /* DIOSCSRFAFHTTPClient.m */ = {isa = PBXFileReference; fileEncoding = 4; lastKnownFileType = sourcecode.c.objc; path = DIOSCSRFAFHTTPClient.m; sourceTree = "<group>"; };
		A6207CA417AD6DE00025CED5 /* DIOSEntity.h */ = {isa = PBXFileReference; fileEncoding = 4; lastKnownFileType = sourcecode.c.h; path = DIOSEntity.h; sourceTree = "<group>"; };
		A6207CA517AD6DE00025CED5 /* DIOSEntity.m */ = {isa = PBXFileReference; fileEncoding = 4; lastKnownFileType = sourcecode.c.objc; path = DIOSEntity.m; sourceTree = "<group>"; };
		A6207CA617AD6DE00025CED5 /* DIOSFile.h */ = {isa = PBXFileReference; fileEncoding = 4; lastKnownFileType = sourcecode.c.h; path = DIOSFile.h; sourceTree = "<group>"; };
		A6207CA717AD6DE00025CED5 /* DIOSFile.m */ = {isa = PBXFileReference; fileEncoding = 4; lastKnownFileType = sourcecode.c.objc; path = DIOSFile.m; sourceTree = "<group>"; };
		A6207CA817AD6DE00025CED5 /* DIOSNode.h */ = {isa = PBXFileReference; fileEncoding = 4; lastKnownFileType = sourcecode.c.h; path = DIOSNode.h; sourceTree = "<group>"; };
		A6207CA917AD6DE00025CED5 /* DIOSNode.m */ = {isa = PBXFileReference; fileEncoding = 4; lastKnownFileType = sourcecode.c.objc; path = DIOSNode.m; sourceTree = "<group>"; };
		A6207CAA17AD6DE00025CED5 /* DIOSSession.h */ = {isa = PBXFileReference; fileEncoding = 4; lastKnownFileType = sourcecode.c.h; path = DIOSSession.h; sourceTree = "<group>"; };
		A6207CAB17AD6DE00025CED5 /* DIOSSession.m */ = {isa = PBXFileReference; fileEncoding = 4; lastKnownFileType = sourcecode.c.objc; path = DIOSSession.m; sourceTree = "<group>"; };
		A6207CAC17AD6DE00025CED5 /* DIOSSystem.h */ = {isa = PBXFileReference; fileEncoding = 4; lastKnownFileType = sourcecode.c.h; path = DIOSSystem.h; sourceTree = "<group>"; };
		A6207CAD17AD6DE00025CED5 /* DIOSSystem.m */ = {isa = PBXFileReference; fileEncoding = 4; lastKnownFileType = sourcecode.c.objc; path = DIOSSystem.m; sourceTree = "<group>"; };
		A6207CAE17AD6DE00025CED5 /* DIOSTaxonomy.h */ = {isa = PBXFileReference; fileEncoding = 4; lastKnownFileType = sourcecode.c.h; path = DIOSTaxonomy.h; sourceTree = "<group>"; };
		A6207CAF17AD6DE00025CED5 /* DIOSTaxonomy.m */ = {isa = PBXFileReference; fileEncoding = 4; lastKnownFileType = sourcecode.c.objc; path = DIOSTaxonomy.m; sourceTree = "<group>"; };
		A6207CB017AD6DE00025CED5 /* DIOSUser.h */ = {isa = PBXFileReference; fileEncoding = 4; lastKnownFileType = sourcecode.c.h; path = DIOSUser.h; sourceTree = "<group>"; };
		A6207CB117AD6DE00025CED5 /* DIOSUser.m */ = {isa = PBXFileReference; fileEncoding = 4; lastKnownFileType = sourcecode.c.objc; path = DIOSUser.m; sourceTree = "<group>"; };
		A6207CB217AD6DE00025CED5 /* DIOSView.h */ = {isa = PBXFileReference; fileEncoding = 4; lastKnownFileType = sourcecode.c.h; path = DIOSView.h; sourceTree = "<group>"; };
		A6207CB317AD6DE00025CED5 /* DIOSView.m */ = {isa = PBXFileReference; fileEncoding = 4; lastKnownFileType = sourcecode.c.objc; path = DIOSView.m; sourceTree = "<group>"; };
		A6207CB417AD6DE00025CED5 /* Settings.h */ = {isa = PBXFileReference; fileEncoding = 4; lastKnownFileType = sourcecode.c.h; path = Settings.h; sourceTree = "<group>"; };
		A6207CC017AD7A110025CED5 /* Social.framework */ = {isa = PBXFileReference; lastKnownFileType = wrapper.framework; name = Social.framework; path = System/Library/Frameworks/Social.framework; sourceTree = SDKROOT; };
		A6207CC217AD7C240025CED5 /* FacebookSDK.framework */ = {isa = PBXFileReference; lastKnownFileType = wrapper.framework; name = FacebookSDK.framework; path = ../../FacebookSDK/FacebookSDK.framework; sourceTree = "<group>"; };
		A632581517B26F72003CF27C /* MainScreen.h */ = {isa = PBXFileReference; fileEncoding = 4; lastKnownFileType = sourcecode.c.h; path = MainScreen.h; sourceTree = "<group>"; };
		A632581617B26F72003CF27C /* MainScreen.m */ = {isa = PBXFileReference; fileEncoding = 4; lastKnownFileType = sourcecode.c.objc; path = MainScreen.m; sourceTree = "<group>"; };
		A632581717B26F72003CF27C /* MainScreen.xib */ = {isa = PBXFileReference; fileEncoding = 4; lastKnownFileType = file.xib; path = MainScreen.xib; sourceTree = "<group>"; };
		A65FA7D417B27BC000466C2B /* UIViewController+UIViewController_PGCAdditions.h */ = {isa = PBXFileReference; fileEncoding = 4; lastKnownFileType = sourcecode.c.h; path = "UIViewController+UIViewController_PGCAdditions.h"; sourceTree = "<group>"; };
		A65FA7D517B27BC000466C2B /* UIViewController+UIViewController_PGCAdditions.m */ = {isa = PBXFileReference; fileEncoding = 4; lastKnownFileType = sourcecode.c.objc; path = "UIViewController+UIViewController_PGCAdditions.m"; sourceTree = "<group>"; };
		A65FA7D717B3B6F400466C2B /* DrupalServices.h */ = {isa = PBXFileReference; fileEncoding = 4; lastKnownFileType = sourcecode.c.h; path = DrupalServices.h; sourceTree = "<group>"; };
		A65FA7D817B3B6F400466C2B /* DrupalServices.m */ = {isa = PBXFileReference; fileEncoding = 4; lastKnownFileType = sourcecode.c.objc; path = DrupalServices.m; sourceTree = "<group>"; };
		A670E04317ADC6A50095F043 /* LogInScreen.h */ = {isa = PBXFileReference; fileEncoding = 4; lastKnownFileType = sourcecode.c.h; path = LogInScreen.h; sourceTree = "<group>"; };
		A670E04417ADC6A50095F043 /* LogInScreen.m */ = {isa = PBXFileReference; fileEncoding = 4; lastKnownFileType = sourcecode.c.objc; path = LogInScreen.m; sourceTree = "<group>"; };
		A670E04517ADC6A50095F043 /* LogInScreen.xib */ = {isa = PBXFileReference; fileEncoding = 4; lastKnownFileType = file.xib; path = LogInScreen.xib; sourceTree = "<group>"; };
		A670E04817ADC72C0095F043 /* SignInScreen.h */ = {isa = PBXFileReference; fileEncoding = 4; lastKnownFileType = sourcecode.c.h; path = SignInScreen.h; sourceTree = "<group>"; };
		A670E04917ADC72C0095F043 /* SignInScreen.m */ = {isa = PBXFileReference; fileEncoding = 4; lastKnownFileType = sourcecode.c.objc; path = SignInScreen.m; sourceTree = "<group>"; };
		A670E04A17ADC72C0095F043 /* SignInScreen.xib */ = {isa = PBXFileReference; fileEncoding = 4; lastKnownFileType = file.xib; path = SignInScreen.xib; sourceTree = "<group>"; };
		A670E04E17ADC7EB0095F043 /* WelcomeScreen.h */ = {isa = PBXFileReference; fileEncoding = 4; lastKnownFileType = sourcecode.c.h; path = WelcomeScreen.h; sourceTree = "<group>"; };
		A670E04F17ADC7EB0095F043 /* WelcomeScreen.m */ = {isa = PBXFileReference; fileEncoding = 4; lastKnownFileType = sourcecode.c.objc; path = WelcomeScreen.m; sourceTree = "<group>"; };
		A670E05017ADC7EB0095F043 /* WelcomeScreen.xib */ = {isa = PBXFileReference; fileEncoding = 4; lastKnownFileType = file.xib; path = WelcomeScreen.xib; sourceTree = "<group>"; };
/* End PBXFileReference section */

/* Begin PBXFrameworksBuildPhase section */
		A6207C5A17AD6CCB0025CED5 /* Frameworks */ = {
			isa = PBXFrameworksBuildPhase;
			buildActionMask = 2147483647;
			files = (
				A6207CC117AD7A110025CED5 /* Social.framework in Frameworks */,
				A6207C6117AD6CCB0025CED5 /* UIKit.framework in Frameworks */,
				A6207C6317AD6CCB0025CED5 /* Foundation.framework in Frameworks */,
				A6207C6517AD6CCB0025CED5 /* CoreGraphics.framework in Frameworks */,
				A6207CC317AD7C240025CED5 /* FacebookSDK.framework in Frameworks */,
			);
			runOnlyForDeploymentPostprocessing = 0;
		};
/* End PBXFrameworksBuildPhase section */

/* Begin PBXGroup section */
		A6207C5417AD6CCB0025CED5 = {
			isa = PBXGroup;
			children = (
				A6207C6617AD6CCB0025CED5 /* Student Study */,
				A6207C5F17AD6CCB0025CED5 /* Frameworks */,
				A6207C5E17AD6CCB0025CED5 /* Products */,
			);
			sourceTree = "<group>";
		};
		A6207C5E17AD6CCB0025CED5 /* Products */ = {
			isa = PBXGroup;
			children = (
				A6207C5D17AD6CCB0025CED5 /* Student Study.app */,
			);
			name = Products;
			sourceTree = "<group>";
		};
		A6207C5F17AD6CCB0025CED5 /* Frameworks */ = {
			isa = PBXGroup;
			children = (
				A6207CBF17AD6DE50025CED5 /* DrupalSDK */,
				A6207C8317AD6D140025CED5 /* AFNetworking */,
				A6207CC217AD7C240025CED5 /* FacebookSDK.framework */,
				A6207CC017AD7A110025CED5 /* Social.framework */,
				A6207C6017AD6CCB0025CED5 /* UIKit.framework */,
				A6207C6217AD6CCB0025CED5 /* Foundation.framework */,
				A6207C6417AD6CCB0025CED5 /* CoreGraphics.framework */,
			);
			name = Frameworks;
			sourceTree = "<group>";
		};
		A6207C6617AD6CCB0025CED5 /* Student Study */ = {
			isa = PBXGroup;
			children = (
				A6445E1F17ADB9FD0002E261 /* Design */,
				A6445E1E17ADB9F80002E261 /* Logic */,
				A6445E1D17ADB9EF0002E261 /* Screens */,
				A6207C6F17AD6CCB0025CED5 /* AppDelegate.h */,
				A6207C7017AD6CCB0025CED5 /* AppDelegate.m */,
				A6207C6717AD6CCB0025CED5 /* Supporting Files */,
			);
			path = "Student Study";
			sourceTree = "<group>";
		};
		A6207C6717AD6CCB0025CED5 /* Supporting Files */ = {
			isa = PBXGroup;
			children = (
				A6207C6817AD6CCB0025CED5 /* Student Study-Info.plist */,
				A6207C6917AD6CCB0025CED5 /* InfoPlist.strings */,
				A6207C6C17AD6CCB0025CED5 /* main.m */,
				A6207C6E17AD6CCB0025CED5 /* Student Study-Prefix.pch */,
				A6207C7217AD6CCB0025CED5 /* Default.png */,
				A6207C7417AD6CCB0025CED5 /* Default@2x.png */,
				A6207C7617AD6CCB0025CED5 /* Default-568h@2x.png */,
			);
			name = "Supporting Files";
			sourceTree = "<group>";
		};
		A6207C8317AD6D140025CED5 /* AFNetworking */ = {
			isa = PBXGroup;
			children = (
				A6207C8417AD6D140025CED5 /* AFHTTPClient.h */,
				A6207C8517AD6D140025CED5 /* AFHTTPClient.m */,
				A6207C8617AD6D140025CED5 /* AFHTTPRequestOperation.h */,
				A6207C8717AD6D140025CED5 /* AFHTTPRequestOperation.m */,
				A6207C8817AD6D140025CED5 /* AFImageRequestOperation.h */,
				A6207C8917AD6D140025CED5 /* AFImageRequestOperation.m */,
				A6207C8A17AD6D140025CED5 /* AFJSONRequestOperation.h */,
				A6207C8B17AD6D140025CED5 /* AFJSONRequestOperation.m */,
				A6207C8C17AD6D140025CED5 /* AFNetworkActivityIndicatorManager.h */,
				A6207C8D17AD6D140025CED5 /* AFNetworkActivityIndicatorManager.m */,
				A6207C8E17AD6D140025CED5 /* AFNetworking.h */,
				A6207C8F17AD6D140025CED5 /* AFPropertyListRequestOperation.h */,
				A6207C9017AD6D140025CED5 /* AFPropertyListRequestOperation.m */,
				A6207C9117AD6D140025CED5 /* AFURLConnectionOperation.h */,
				A6207C9217AD6D140025CED5 /* AFURLConnectionOperation.m */,
				A6207C9317AD6D140025CED5 /* AFXMLRequestOperation.h */,
				A6207C9417AD6D140025CED5 /* AFXMLRequestOperation.m */,
				A6207C9517AD6D140025CED5 /* UIImageView+AFNetworking.h */,
				A6207C9617AD6D140025CED5 /* UIImageView+AFNetworking.m */,
			);
			path = AFNetworking;
			sourceTree = "<group>";
		};
		A6207CBF17AD6DE50025CED5 /* DrupalSDK */ = {
			isa = PBXGroup;
			children = (
				A6207CA017AD6DE00025CED5 /* DIOSComment.h */,
				A6207CA117AD6DE00025CED5 /* DIOSComment.m */,
				A6207CA217AD6DE00025CED5 /* DIOSCSRFAFHTTPClient.h */,
				A6207CA317AD6DE00025CED5 /* DIOSCSRFAFHTTPClient.m */,
				A6207CA417AD6DE00025CED5 /* DIOSEntity.h */,
				A6207CA517AD6DE00025CED5 /* DIOSEntity.m */,
				A6207CA617AD6DE00025CED5 /* DIOSFile.h */,
				A6207CA717AD6DE00025CED5 /* DIOSFile.m */,
				A6207CA817AD6DE00025CED5 /* DIOSNode.h */,
				A6207CA917AD6DE00025CED5 /* DIOSNode.m */,
				A6207CAA17AD6DE00025CED5 /* DIOSSession.h */,
				A6207CAB17AD6DE00025CED5 /* DIOSSession.m */,
				A6207CAC17AD6DE00025CED5 /* DIOSSystem.h */,
				A6207CAD17AD6DE00025CED5 /* DIOSSystem.m */,
				A6207CAE17AD6DE00025CED5 /* DIOSTaxonomy.h */,
				A6207CAF17AD6DE00025CED5 /* DIOSTaxonomy.m */,
				A6207CB017AD6DE00025CED5 /* DIOSUser.h */,
				A6207CB117AD6DE00025CED5 /* DIOSUser.m */,
				A6207CB217AD6DE00025CED5 /* DIOSView.h */,
				A6207CB317AD6DE00025CED5 /* DIOSView.m */,
				A6207CB417AD6DE00025CED5 /* Settings.h */,
			);
			name = DrupalSDK;
			sourceTree = "<group>";
		};
		A632581417B26F40003CF27C /* MainScreen */ = {
			isa = PBXGroup;
			children = (
				A632581517B26F72003CF27C /* MainScreen.h */,
				A632581617B26F72003CF27C /* MainScreen.m */,
				A632581717B26F72003CF27C /* MainScreen.xib */,
			);
			name = MainScreen;
			sourceTree = "<group>";
		};
		A6445E1D17ADB9EF0002E261 /* Screens */ = {
			isa = PBXGroup;
			children = (
				A65FA7D317B27B9700466C2B /* Categories */,
				A632581417B26F40003CF27C /* MainScreen */,
				A670E04D17ADC7D70095F043 /* WelcomeScreen */,
				A6445E2117ADBA100002E261 /* SignInScreen */,
				A6445E2017ADBA070002E261 /* LogInScreen */,
			);
			name = Screens;
			sourceTree = "<group>";
		};
		A6445E1E17ADB9F80002E261 /* Logic */ = {
			isa = PBXGroup;
			children = (
				A65FA7D717B3B6F400466C2B /* DrupalServices.h */,
				A65FA7D817B3B6F400466C2B /* DrupalServices.m */,
			);
			name = Logic;
			sourceTree = "<group>";
		};
		A6445E1F17ADB9FD0002E261 /* Design */ = {
			isa = PBXGroup;
			children = (
			);
			name = Design;
			sourceTree = "<group>";
		};
		A6445E2017ADBA070002E261 /* LogInScreen */ = {
			isa = PBXGroup;
			children = (
				A670E04317ADC6A50095F043 /* LogInScreen.h */,
				A670E04417ADC6A50095F043 /* LogInScreen.m */,
				A670E04517ADC6A50095F043 /* LogInScreen.xib */,
			);
			name = LogInScreen;
			sourceTree = "<group>";
		};
		A6445E2117ADBA100002E261 /* SignInScreen */ = {
			isa = PBXGroup;
			children = (
				A670E04817ADC72C0095F043 /* SignInScreen.h */,
				A670E04917ADC72C0095F043 /* SignInScreen.m */,
				A670E04A17ADC72C0095F043 /* SignInScreen.xib */,
			);
			name = SignInScreen;
			sourceTree = "<group>";
		};
		A65FA7D317B27B9700466C2B /* Categories */ = {
			isa = PBXGroup;
			children = (
				A65FA7D417B27BC000466C2B /* UIViewController+UIViewController_PGCAdditions.h */,
				A65FA7D517B27BC000466C2B /* UIViewController+UIViewController_PGCAdditions.m */,
			);
			name = Categories;
			sourceTree = "<group>";
		};
		A670E04D17ADC7D70095F043 /* WelcomeScreen */ = {
			isa = PBXGroup;
			children = (
				A670E04E17ADC7EB0095F043 /* WelcomeScreen.h */,
				A670E04F17ADC7EB0095F043 /* WelcomeScreen.m */,
				A670E05017ADC7EB0095F043 /* WelcomeScreen.xib */,
			);
			name = WelcomeScreen;
			sourceTree = "<group>";
		};
/* End PBXGroup section */

/* Begin PBXNativeTarget section */
		A6207C5C17AD6CCB0025CED5 /* Student Study */ = {
			isa = PBXNativeTarget;
			buildConfigurationList = A6207C8017AD6CCB0025CED5 /* Build configuration list for PBXNativeTarget "Student Study" */;
			buildPhases = (
				A6207C5917AD6CCB0025CED5 /* Sources */,
				A6207C5A17AD6CCB0025CED5 /* Frameworks */,
				A6207C5B17AD6CCB0025CED5 /* Resources */,
			);
			buildRules = (
			);
			dependencies = (
			);
			name = "Student Study";
			productName = "Student Study";
			productReference = A6207C5D17AD6CCB0025CED5 /* Student Study.app */;
			productType = "com.apple.product-type.application";
		};
/* End PBXNativeTarget section */

/* Begin PBXProject section */
		A6207C5517AD6CCB0025CED5 /* Project object */ = {
			isa = PBXProject;
			attributes = {
				LastUpgradeCheck = 0460;
				ORGANIZATIONNAME = "Pavel Gatilov";
			};
			buildConfigurationList = A6207C5817AD6CCB0025CED5 /* Build configuration list for PBXProject "Student Study" */;
			compatibilityVersion = "Xcode 3.2";
			developmentRegion = English;
			hasScannedForEncodings = 0;
			knownRegions = (
				en,
			);
			mainGroup = A6207C5417AD6CCB0025CED5;
			productRefGroup = A6207C5E17AD6CCB0025CED5 /* Products */;
			projectDirPath = "";
			projectRoot = "";
			targets = (
				A6207C5C17AD6CCB0025CED5 /* Student Study */,
			);
		};
/* End PBXProject section */

/* Begin PBXResourcesBuildPhase section */
		A6207C5B17AD6CCB0025CED5 /* Resources */ = {
			isa = PBXResourcesBuildPhase;
			buildActionMask = 2147483647;
			files = (
				A6207C6B17AD6CCB0025CED5 /* InfoPlist.strings in Resources */,
				A6207C7317AD6CCB0025CED5 /* Default.png in Resources */,
				A6207C7517AD6CCB0025CED5 /* Default@2x.png in Resources */,
				A670E04C17ADC72C0095F043 /* SignInScreen.xib in Resources */,
				A632581917B26F72003CF27C /* MainScreen.xib in Resources */,
				A670E04717ADC6A50095F043 /* LogInScreen.xib in Resources */,
				A6207C7717AD6CCB0025CED5 /* Default-568h@2x.png in Resources */,
				A670E05217ADC7EB0095F043 /* WelcomeScreen.xib in Resources */,
			);
			runOnlyForDeploymentPostprocessing = 0;
		};
/* End PBXResourcesBuildPhase section */

/* Begin PBXSourcesBuildPhase section */
		A6207C5917AD6CCB0025CED5 /* Sources */ = {
			isa = PBXSourcesBuildPhase;
			buildActionMask = 2147483647;
			files = (
				A6207C6D17AD6CCB0025CED5 /* main.m in Sources */,
				A6207C7117AD6CCB0025CED5 /* AppDelegate.m in Sources */,
				A6207C9717AD6D140025CED5 /* AFHTTPClient.m in Sources */,
				A6207C9817AD6D140025CED5 /* AFHTTPRequestOperation.m in Sources */,
				A6207C9917AD6D140025CED5 /* AFImageRequestOperation.m in Sources */,
				A6207C9A17AD6D140025CED5 /* AFJSONRequestOperation.m in Sources */,
				A6207C9B17AD6D140025CED5 /* AFNetworkActivityIndicatorManager.m in Sources */,
				A6207C9C17AD6D140025CED5 /* AFPropertyListRequestOperation.m in Sources */,
				A65FA7D617B27BC000466C2B /* UIViewController+UIViewController_PGCAdditions.m in Sources */,
				A65FA7D917B3B6F400466C2B /* DrupalServices.m in Sources */,
				A6207C9D17AD6D140025CED5 /* AFURLConnectionOperation.m in Sources */,
				A6207C9E17AD6D140025CED5 /* AFXMLRequestOperation.m in Sources */,
				A6207C9F17AD6D140025CED5 /* UIImageView+AFNetworking.m in Sources */,
				A6207CB517AD6DE00025CED5 /* DIOSComment.m in Sources */,
				A670E04B17ADC72C0095F043 /* SignInScreen.m in Sources */,
				A6207CB617AD6DE00025CED5 /* DIOSCSRFAFHTTPClient.m in Sources */,
				A6207CB717AD6DE00025CED5 /* DIOSEntity.m in Sources */,
				A6207CB817AD6DE00025CED5 /* DIOSFile.m in Sources */,
				A632581817B26F72003CF27C /* MainScreen.m in Sources */,
				A670E04617ADC6A50095F043 /* LogInScreen.m in Sources */,
				A6207CB917AD6DE00025CED5 /* DIOSNode.m in Sources */,
				A6207CBA17AD6DE00025CED5 /* DIOSSession.m in Sources */,
				A6207CBB17AD6DE00025CED5 /* DIOSSystem.m in Sources */,
				A6207CBC17AD6DE00025CED5 /* DIOSTaxonomy.m in Sources */,
				A6207CBD17AD6DE00025CED5 /* DIOSUser.m in Sources */,
				A670E05117ADC7EB0095F043 /* WelcomeScreen.m in Sources */,
				A6207CBE17AD6DE00025CED5 /* DIOSView.m in Sources */,
			);
			runOnlyForDeploymentPostprocessing = 0;
		};
/* End PBXSourcesBuildPhase section */

/* Begin PBXVariantGroup section */
		A6207C6917AD6CCB0025CED5 /* InfoPlist.strings */ = {
			isa = PBXVariantGroup;
			children = (
				A6207C6A17AD6CCB0025CED5 /* en */,
			);
			name = InfoPlist.strings;
			sourceTree = "<group>";
		};
/* End PBXVariantGroup section */

/* Begin XCBuildConfiguration section */
		A6207C7E17AD6CCB0025CED5 /* Debug */ = {
			isa = XCBuildConfiguration;
			buildSettings = {
				ALWAYS_SEARCH_USER_PATHS = NO;
				CLANG_CXX_LANGUAGE_STANDARD = "gnu++0x";
				CLANG_CXX_LIBRARY = "libc++";
				CLANG_ENABLE_OBJC_ARC = YES;
				CLANG_WARN_CONSTANT_CONVERSION = YES;
				CLANG_WARN_EMPTY_BODY = YES;
				CLANG_WARN_ENUM_CONVERSION = YES;
				CLANG_WARN_INT_CONVERSION = YES;
				CLANG_WARN__DUPLICATE_METHOD_MATCH = YES;
				"CODE_SIGN_IDENTITY[sdk=iphoneos*]" = "iPhone Developer";
				COPY_PHASE_STRIP = NO;
				GCC_C_LANGUAGE_STANDARD = gnu99;
				GCC_DYNAMIC_NO_PIC = NO;
				GCC_OPTIMIZATION_LEVEL = 0;
				GCC_PREPROCESSOR_DEFINITIONS = (
					"DEBUG=1",
					"$(inherited)",
				);
				GCC_SYMBOLS_PRIVATE_EXTERN = NO;
				GCC_WARN_ABOUT_RETURN_TYPE = YES;
				GCC_WARN_UNINITIALIZED_AUTOS = YES;
				GCC_WARN_UNUSED_VARIABLE = YES;
				IPHONEOS_DEPLOYMENT_TARGET = 7.0;
				ONLY_ACTIVE_ARCH = YES;
				SDKROOT = iphoneos;
			};
			name = Debug;
		};
		A6207C7F17AD6CCB0025CED5 /* Release */ = {
			isa = XCBuildConfiguration;
			buildSettings = {
				ALWAYS_SEARCH_USER_PATHS = NO;
				CLANG_CXX_LANGUAGE_STANDARD = "gnu++0x";
				CLANG_CXX_LIBRARY = "libc++";
				CLANG_ENABLE_OBJC_ARC = YES;
				CLANG_WARN_CONSTANT_CONVERSION = YES;
				CLANG_WARN_EMPTY_BODY = YES;
				CLANG_WARN_ENUM_CONVERSION = YES;
				CLANG_WARN_INT_CONVERSION = YES;
				CLANG_WARN__DUPLICATE_METHOD_MATCH = YES;
				"CODE_SIGN_IDENTITY[sdk=iphoneos*]" = "iPhone Developer";
				COPY_PHASE_STRIP = YES;
				GCC_C_LANGUAGE_STANDARD = gnu99;
				GCC_WARN_ABOUT_RETURN_TYPE = YES;
				GCC_WARN_UNINITIALIZED_AUTOS = YES;
				GCC_WARN_UNUSED_VARIABLE = YES;
				IPHONEOS_DEPLOYMENT_TARGET = 7.0;
				OTHER_CFLAGS = "-DNS_BLOCK_ASSERTIONS=1";
				SDKROOT = iphoneos;
				VALIDATE_PRODUCT = YES;
			};
			name = Release;
		};
		A6207C8117AD6CCB0025CED5 /* Debug */ = {
			isa = XCBuildConfiguration;
			buildSettings = {
				FRAMEWORK_SEARCH_PATHS = (
					"$(inherited)",
					"\"$(SRCROOT)/../../FacebookSDK\"",
				);
				GCC_PRECOMPILE_PREFIX_HEADER = YES;
				GCC_PREFIX_HEADER = "Student Study/Student Study-Prefix.pch";
				INFOPLIST_FILE = "Student Study/Student Study-Info.plist";
				IPHONEOS_DEPLOYMENT_TARGET = 7.0;
				PRODUCT_NAME = "$(TARGET_NAME)";
				WRAPPER_EXTENSION = app;
			};
			name = Debug;
		};
		A6207C8217AD6CCB0025CED5 /* Release */ = {
			isa = XCBuildConfiguration;
			buildSettings = {
				FRAMEWORK_SEARCH_PATHS = (
					"$(inherited)",
					"\"$(SRCROOT)/../../FacebookSDK\"",
				);
				GCC_PRECOMPILE_PREFIX_HEADER = YES;
				GCC_PREFIX_HEADER = "Student Study/Student Study-Prefix.pch";
				INFOPLIST_FILE = "Student Study/Student Study-Info.plist";
				IPHONEOS_DEPLOYMENT_TARGET = 7.0;
				PRODUCT_NAME = "$(TARGET_NAME)";
				WRAPPER_EXTENSION = app;
			};
			name = Release;
		};
/* End XCBuildConfiguration section */

/* Begin XCConfigurationList section */
		A6207C5817AD6CCB0025CED5 /* Build configuration list for PBXProject "Student Study" */ = {
			isa = XCConfigurationList;
			buildConfigurations = (
				A6207C7E17AD6CCB0025CED5 /* Debug */,
				A6207C7F17AD6CCB0025CED5 /* Release */,
			);
			defaultConfigurationIsVisible = 0;
			defaultConfigurationName = Release;
		};
		A6207C8017AD6CCB0025CED5 /* Build configuration list for PBXNativeTarget "Student Study" */ = {
			isa = XCConfigurationList;
			buildConfigurations = (
				A6207C8117AD6CCB0025CED5 /* Debug */,
				A6207C8217AD6CCB0025CED5 /* Release */,
			);
			defaultConfigurationIsVisible = 0;
			defaultConfigurationName = Release;
		};
/* End XCConfigurationList section */
	};
	rootObject = A6207C5517AD6CCB0025CED5 /* Project object */;
}
